
Microsoft Visual Studio Solution File, Format Version 12.00
# Visual Studio Version 16
VisualStudioVersion = 16.0.30717.126
MinimumVisualStudioVersion = 10.0.40219.1
Project("{FAE04EC0-301F-11D3-BF4B-00C04F79EFBC}") = "WookieBooks", "WookieBooks.csproj", "{2794AF2B-3830-44F0-9846-9C8051DAE684}"
EndProject
Global
	GlobalSection(SolutionConfigurationPlatforms) = preSolution
		Debug|Any CPU = Debug|Any CPU
		Release|Any CPU = Release|Any CPU
	EndGlobalSection
	GlobalSection(ProjectConfigurationPlatforms) = postSolution
		{2794AF2B-3830-44F0-9846-9C8051DAE684}.Debug|Any CPU.ActiveCfg = Debug|Any CPU
		{2794AF2B-3830-44F0-9846-9C8051DAE684}.Debug|Any CPU.Build.0 = Debug|Any CPU
		{2794AF2B-3830-44F0-9846-9C8051DAE684}.Release|Any CPU.ActiveCfg = Release|Any CPU
		{2794AF2B-3830-44F0-9846-9C8051DAE684}.Release|Any CPU.Build.0 = Release|Any CPU
	EndGlobalSection
	GlobalSection(SolutionProperties) = preSolution
		HideSolutionNode = FALSE
	EndGlobalSection
	GlobalSection(ExtensibilityGlobals) = postSolution
		SolutionGuid = {FBF482CE-8CA4-4D2A-9ACB-F996DAEAE1B1}
	EndGlobalSection
EndGlobal
